{
  "name": "cloud",
  "version": "1.0.0",
  "lockfileVersion": 1,
  "requires": true,
  "dependencies": {
    "@types/aws-lambda": {
      "version": "8.10.45",
      "resolved": "https://registry.npmjs.org/@types/aws-lambda/-/aws-lambda-8.10.45.tgz",
      "integrity": "sha512-qoELSb2Pt2QRpC/9Egw7BlQMQM+3SUAsTr8Z6FoSVR86ffX3qU5pPVgtM6BTfWcIWfTaKZta0ARlYAOHE1tauA=="
    },
    "@types/node": {
      "version": "13.7.7",
      "resolved": "https://registry.npmjs.org/@types/node/-/node-13.7.7.tgz",
      "integrity": "sha512-Uo4chgKbnPNlxQwoFmYIwctkQVkMMmsAoGGU4JKwLuvBefF0pCq4FybNSnfkfRCpC7ZW7kttcC/TrRtAJsvGtg=="
    },
    "@types/ws": {
      "version": "7.2.2",
      "resolved": "https://registry.npmjs.org/@types/ws/-/ws-7.2.2.tgz",
      "integrity": "sha512-oqnI3DbGCVI9zJ/WHdFo3CUE8jQ8CVQDUIKaDtlTcNeT4zs6UCg9Gvk5QrFx2QPkRszpM6yc8o0p4aGjCsTi+w==",
      "requires": {
        "@types/node": "*"
      }
    }
  }
}
